{
  "nodes": {
    "nixpkgs": {
      "locked": {
        "lastModified": 1704290814,
        "narHash": "sha256-LWvKHp7kGxk/GEtlrGYV68qIvPHkU9iToomNFGagixU=",
        "owner": "NixOS",
        "repo": "nixpkgs",
        "rev": "70bdadeb94ffc8806c0570eb5c2695ad29f0e421",
        "type": "github"
      },
      "original": {
        "owner": "NixOS",
        "ref": "nixos-23.05",
        "repo": "nixpkgs",
        "type": "github"
      }
    },
    "nosys": {
      "locked": {
        "lastModified": 1708971380,
        "narHash": "sha256-vw8MUu8N2VLhieciB8ory4aZ3RwIZD6sdwpwPLXOC64=",
        "owner": "divnix",
        "repo": "nosys",
        "rev": "798ee92962613f296c0ed89a098a7fba9978ffc0",
        "type": "github"
      },
      "original": {
        "owner": "divnix",
        "repo": "nosys",
        "type": "github"
      }
    },
    "root": {
      "inputs": {
        "nixpkgs": "nixpkgs",
        "nosys": "nosys"
      }
    }
  },
  "root": "root",
  "version": 7
}
