{
  "nodes": {
    "nixpkgs": {
      "locked": {
        "lastModified": 1709128929,
        "narHash": "sha256-GWrv9a+AgGhG4/eI/CyVVIIygia7cEy68Huv3P8oyaw=",
        "owner": "NixOS",
        "repo": "nixpkgs",
        "rev": "c8e74c2f83fe12b4e5a8bd1abbc090575b0f7611",
        "type": "github"
      },
      "original": {
        "owner": "NixOS",
        "ref": "nixos-23.11",
        "repo": "nixpkgs",
        "type": "github"
      }
    },
    "nosys": {
      "locked": {
        "lastModified": 1708971380,
        "narHash": "sha256-vw8MUu8N2VLhieciB8ory4aZ3RwIZD6sdwpwPLXOC64=",
        "owner": "divnix",
        "repo": "nosys",
        "rev": "798ee92962613f296c0ed89a098a7fba9978ffc0",
        "type": "github"
      },
      "original": {
        "owner": "divnix",
        "repo": "nosys",
        "type": "github"
      }
    },
    "root": {
      "inputs": {
        "nixpkgs": "nixpkgs",
        "nosys": "nosys"
      }
    }
  },
  "root": "root",
  "version": 7
}
